# This file is automatically @generated by Cargo.
# It is not intended for manual editing.
version = 4

[[package]]
name = "betterm"
version = "0.2.0"
source = "git+https://github.com/mochou-p/betterm#2e7bf5118ce173ade4f31150fe09ca9a3c1425d5"
dependencies = [
 "libc",
]

[[package]]
name = "editerm"
version = "0.0.0"
dependencies = [
 "spliterm",
]

[[package]]
name = "libc"
version = "0.2.186"
source = "registry+https://github.com/rust-lang/crates.io-index"
checksum = "68ab91017fe16c622486840e4c83c9a37afeff978bd239b5293d61ece587de66"

[[package]]
name = "spliterm"
version = "0.1.0"
source = "git+https://github.com/mochou-p/spliterm#02809044f664052a799fb2a478cbeb0f604a5630"
dependencies = [
 "betterm",
]
